PODS:
  - PromisesObjC (1.2.8)
  - PromisesSwift (1.2.8):
    - PromisesObjC (= 1.2.8)
  - sdk-core-swift (3.0.1):
    - sdk-objectmodel-swift (~> 3.0)
    - secp256k1.swift
  - sdk-objectmodel-swift (3.0.1)
  - sdk-xyobleinterface-swift (3.0.6):
    - PromisesSwift (~> 1.2.4)
    - sdk-core-swift (~> 3.0.1)
    - sdk-objectmodel-swift (~> 3.0)
    - XyBleSdk (~> 3.0.3)
  - secp256k1.swift (0.1.4)
  - XyBleSdk (3.0.4):
    - PromisesSwift

DEPENDENCIES:
  - sdk-xyobleinterface-swift (from `../sdk-xyobleinterface-swift`)

SPEC REPOS:
  https://github.com/CocoaPods/Specs.git:
    - PromisesObjC
    - PromisesSwift
    - sdk-core-swift
    - sdk-objectmodel-swift
    - secp256k1.swift
    - XyBleSdk

EXTERNAL SOURCES:
  sdk-xyobleinterface-swift:
    :path: "../sdk-xyobleinterface-swift"

SPEC CHECKSUMS:
  PromisesObjC: c119f3cd559f50b7ae681fa59dc1acd19173b7e6
  PromisesSwift: 37bad6f4daddb02f7c9c531efe91e8b21c13ee2f
  sdk-core-swift: 6b089045fe8483388bd3c82d2d1375d796c29745
  sdk-objectmodel-swift: ef0331719d7fb2249a883928286c4746dbcf9067
  sdk-xyobleinterface-swift: b7acec1795645081493ffac10d3152710ec03627
  secp256k1.swift: a7e7a214f6db6ce5db32cc6b2b45e5c4dd633634
  XyBleSdk: 4e14b20fe77760cecca63888813c52aae46894d4

PODFILE CHECKSUM: 8fc4a67475c0823b692199d0e26ca29a77af9e49

COCOAPODS: 1.8.4
