PODS:
  - PromisesObjC (1.2.8)
  - PromisesSwift (1.2.8):
    - PromisesObjC (= 1.2.8)
  - sdk-core-swift (3.1.1):
    - secp256k1.swift
  - secp256k1.swift (0.1.4)
  - XyBaseSdk (1.0.1):
    - PromisesSwift
  - XyBleSdk (3.1.6):
    - XyBaseSdk

DEPENDENCIES:
  - sdk-core-swift (~> 3.1.1)
  - XyBleSdk (~> 3.1.2)

SPEC REPOS:
  https://github.com/CocoaPods/Specs.git:
    - PromisesObjC
    - PromisesSwift
    - sdk-core-swift
    - secp256k1.swift
    - XyBaseSdk
    - XyBleSdk

SPEC CHECKSUMS:
  PromisesObjC: c119f3cd559f50b7ae681fa59dc1acd19173b7e6
  PromisesSwift: 37bad6f4daddb02f7c9c531efe91e8b21c13ee2f
  sdk-core-swift: 5886565308b5a35659f2cac0df3d0157fd942370
  secp256k1.swift: a7e7a214f6db6ce5db32cc6b2b45e5c4dd633634
  XyBaseSdk: 679d4f8ddbfc70ec1ff8a4cbdccf5bf81a1894f2
  XyBleSdk: be5259286588d290cf79d9dfe2dce193de504f49

PODFILE CHECKSUM: 8a3c9c81de67126b46326ffab7e94f512a18d39c

COCOAPODS: 1.9.1
