// !$*UTF8*$!
{
	archiveVersion = 1;
	classes = {
	};
	objectVersion = 46;
	objects = {

/* Begin PBXBuildFile section */
		0A1450842351485100AB2E76 /* XyoClient.swift in Sources */ = {isa = PBXBuildFile; fileRef = 0A14506A2351485100AB2E76 /* XyoClient.swift */; };
		0A1450852351485100AB2E76 /* XyoBleClient.swift in Sources */ = {isa = PBXBuildFile; fileRef = 0A14506B2351485100AB2E76 /* XyoBleClient.swift */; };
		0A1450862351485100AB2E76 /* XyoTcpipClient.swift in Sources */ = {isa = PBXBuildFile; fileRef = 0A14506C2351485100AB2E76 /* XyoTcpipClient.swift */; };
		0A1450892351485100AB2E76 /* sdk_xyo_swift.h in Headers */ = {isa = PBXBuildFile; fileRef = 0A14506F2351485100AB2E76 /* sdk_xyo_swift.h */; settings = {ATTRIBUTES = (Public, ); }; };
		0A14508A2351485100AB2E76 /* XyoTcpipNetwork.swift in Sources */ = {isa = PBXBuildFile; fileRef = 0A1450712351485100AB2E76 /* XyoTcpipNetwork.swift */; };
		0A14508B2351485100AB2E76 /* XyoBleNetwork.swift in Sources */ = {isa = PBXBuildFile; fileRef = 0A1450722351485100AB2E76 /* XyoBleNetwork.swift */; };
		0A14508C2351485100AB2E76 /* XyoNetwork.swift in Sources */ = {isa = PBXBuildFile; fileRef = 0A1450732351485100AB2E76 /* XyoNetwork.swift */; };
		0A14508D2351485100AB2E76 /* XyoNetworkDevice.swift in Sources */ = {isa = PBXBuildFile; fileRef = 0A1450752351485100AB2E76 /* XyoNetworkDevice.swift */; };
		0A1450902351485100AB2E76 /* XyoNode.swift in Sources */ = {isa = PBXBuildFile; fileRef = 0A1450782351485100AB2E76 /* XyoNode.swift */; };
		0A1450912351485100AB2E76 /* XyoNodeBuilder.swift in Sources */ = {isa = PBXBuildFile; fileRef = 0A1450792351485100AB2E76 /* XyoNodeBuilder.swift */; };
		0A1450932351485100AB2E76 /* XyoBoundWitnessTarget.swift in Sources */ = {isa = PBXBuildFile; fileRef = 0A14507B2351485100AB2E76 /* XyoBoundWitnessTarget.swift */; };
		0A1450942351485100AB2E76 /* XyoSdk.swift in Sources */ = {isa = PBXBuildFile; fileRef = 0A14507C2351485100AB2E76 /* XyoSdk.swift */; };
		0A1450962351485100AB2E76 /* XyoTcpipServer.swift in Sources */ = {isa = PBXBuildFile; fileRef = 0A1450802351485100AB2E76 /* XyoTcpipServer.swift */; };
		0A1450972351485100AB2E76 /* XyoServer.swift in Sources */ = {isa = PBXBuildFile; fileRef = 0A1450812351485100AB2E76 /* XyoServer.swift */; };
		0A1450982351485100AB2E76 /* XyoBleServer.swift in Sources */ = {isa = PBXBuildFile; fileRef = 0A1450822351485100AB2E76 /* XyoBleServer.swift */; };
		0A5DC407237B68CA00258A06 /* XyoStringHeuristic.swift in Sources */ = {isa = PBXBuildFile; fileRef = 0A5DC406237B68CA00258A06 /* XyoStringHeuristic.swift */; };
		0A5DC40B237B68DC00258A06 /* XyoRssiHeuristic.swift in Sources */ = {isa = PBXBuildFile; fileRef = 0A5DC408237B68DC00258A06 /* XyoRssiHeuristic.swift */; };
		0A5DC40C237B68DC00258A06 /* XyoGpsHeuristic.swift in Sources */ = {isa = PBXBuildFile; fileRef = 0A5DC409237B68DC00258A06 /* XyoGpsHeuristic.swift */; };
		0A5DC40D237B68DC00258A06 /* XyoUnixTimeHeuristic.swift in Sources */ = {isa = PBXBuildFile; fileRef = 0A5DC40A237B68DC00258A06 /* XyoUnixTimeHeuristic.swift */; };
		0A5DC411237B953100258A06 /* README.md in Resources */ = {isa = PBXBuildFile; fileRef = 0A5DC410237B953100258A06 /* README.md */; };
		0A5DC413237B96EF00258A06 /* sdk-xyo-swift.podspec in Resources */ = {isa = PBXBuildFile; fileRef = 0A5DC412237B96EF00258A06 /* sdk-xyo-swift.podspec */; };
		0ABBED1F2369205A0054BCEE /* StringResolver.swift in Sources */ = {isa = PBXBuildFile; fileRef = 0ABBED16236920590054BCEE /* StringResolver.swift */; };
		0ABBED202369205A0054BCEE /* XyoHumanHeuristics.swift in Sources */ = {isa = PBXBuildFile; fileRef = 0ABBED17236920590054BCEE /* XyoHumanHeuristics.swift */; };
		0ABBED212369205A0054BCEE /* XyoHumanName.swift in Sources */ = {isa = PBXBuildFile; fileRef = 0ABBED18236920590054BCEE /* XyoHumanName.swift */; };
		0ABBED222369205A0054BCEE /* RssiResolver.swift in Sources */ = {isa = PBXBuildFile; fileRef = 0ABBED19236920590054BCEE /* RssiResolver.swift */; };
		0ABBED252369205A0054BCEE /* GpsResolver.swift in Sources */ = {isa = PBXBuildFile; fileRef = 0ABBED1C2369205A0054BCEE /* GpsResolver.swift */; };
		0ABBED262369205A0054BCEE /* TimeResolver.swift in Sources */ = {isa = PBXBuildFile; fileRef = 0ABBED1D2369205A0054BCEE /* TimeResolver.swift */; };
		468A9AFD237F31D100A73985 /* XyoBluetoothDevice.swift in Sources */ = {isa = PBXBuildFile; fileRef = 468A9AF6237F31D000A73985 /* XyoBluetoothDevice.swift */; };
		468A9AFE237F31D100A73985 /* XyoBluetoothServer.swift in Sources */ = {isa = PBXBuildFile; fileRef = 468A9AF7237F31D000A73985 /* XyoBluetoothServer.swift */; };
		468A9AFF237F31D100A73985 /* XyoService.swift in Sources */ = {isa = PBXBuildFile; fileRef = 468A9AF8237F31D000A73985 /* XyoService.swift */; };
		468A9B00237F31D100A73985 /* XyoManufactorDeviceCreator.swift in Sources */ = {isa = PBXBuildFile; fileRef = 468A9AF9237F31D000A73985 /* XyoManufactorDeviceCreator.swift */; };
		468A9B01237F31D100A73985 /* XyoGattServerNetworkPipe.swift in Sources */ = {isa = PBXBuildFile; fileRef = 468A9AFA237F31D100A73985 /* XyoGattServerNetworkPipe.swift */; };
		468A9B02237F31D100A73985 /* XyoPipeCharacteristic.swift in Sources */ = {isa = PBXBuildFile; fileRef = 468A9AFB237F31D100A73985 /* XyoPipeCharacteristic.swift */; };
		468A9B03237F31D100A73985 /* XyoBluetoothDeviceCreator.swift in Sources */ = {isa = PBXBuildFile; fileRef = 468A9AFC237F31D100A73985 /* XyoBluetoothDeviceCreator.swift */; };
		468A9B09237F31EF00A73985 /* XyoOutputStream.swift in Sources */ = {isa = PBXBuildFile; fileRef = 468A9B06237F31EF00A73985 /* XyoOutputStream.swift */; };
		468A9B0A237F31EF00A73985 /* XyoGattNameEncoder.swift in Sources */ = {isa = PBXBuildFile; fileRef = 468A9B07237F31EF00A73985 /* XyoGattNameEncoder.swift */; };
		468A9B0B237F31EF00A73985 /* XyoInputStream.swift in Sources */ = {isa = PBXBuildFile; fileRef = 468A9B08237F31EF00A73985 /* XyoInputStream.swift */; };
		468A9B13237F323800A73985 /* XyoAndroidXDevice.swift in Sources */ = {isa = PBXBuildFile; fileRef = 468A9B10237F323800A73985 /* XyoAndroidXDevice.swift */; };
		468A9B14237F323800A73985 /* XyoAndroidXDeviceCreator.swift in Sources */ = {isa = PBXBuildFile; fileRef = 468A9B11237F323800A73985 /* XyoAndroidXDeviceCreator.swift */; };
		468A9B15237F323800A73985 /* XyoAndroidXService.swift in Sources */ = {isa = PBXBuildFile; fileRef = 468A9B12237F323800A73985 /* XyoAndroidXService.swift */; };
		468A9B19237F324300A73985 /* XyoBridgeXDeviceCreator.swift in Sources */ = {isa = PBXBuildFile; fileRef = 468A9B16237F324300A73985 /* XyoBridgeXDeviceCreator.swift */; };
		468A9B1A237F324300A73985 /* XyoBridgeXDevice.swift in Sources */ = {isa = PBXBuildFile; fileRef = 468A9B17237F324300A73985 /* XyoBridgeXDevice.swift */; };
		468A9B1B237F324300A73985 /* XyoBridgeXService.swift in Sources */ = {isa = PBXBuildFile; fileRef = 468A9B18237F324300A73985 /* XyoBridgeXService.swift */; };
		468A9B1F237F324D00A73985 /* XyoIosXDeviceCreator.swift in Sources */ = {isa = PBXBuildFile; fileRef = 468A9B1C237F324C00A73985 /* XyoIosXDeviceCreator.swift */; };
		468A9B20237F324D00A73985 /* XyoIosXDevice.swift in Sources */ = {isa = PBXBuildFile; fileRef = 468A9B1D237F324C00A73985 /* XyoIosXDevice.swift */; };
		468A9B21237F324D00A73985 /* XyoIosXService.swift in Sources */ = {isa = PBXBuildFile; fileRef = 468A9B1E237F324C00A73985 /* XyoIosXService.swift */; };
		468A9B25237F325600A73985 /* XyoSentinelXDeviceCreator.swift in Sources */ = {isa = PBXBuildFile; fileRef = 468A9B22237F325500A73985 /* XyoSentinelXDeviceCreator.swift */; };
		468A9B26237F325600A73985 /* XyoSentinelXManager.swift in Sources */ = {isa = PBXBuildFile; fileRef = 468A9B23237F325600A73985 /* XyoSentinelXManager.swift */; };
		468A9B27237F325600A73985 /* XyoSentinelXDevice.swift in Sources */ = {isa = PBXBuildFile; fileRef = 468A9B24237F325600A73985 /* XyoSentinelXDevice.swift */; };
		468A9B29237F326200A73985 /* XyoDifferentiableDevice.swift in Sources */ = {isa = PBXBuildFile; fileRef = 468A9B28237F326200A73985 /* XyoDifferentiableDevice.swift */; };
		468A9B2D237F331C00A73985 /* XyoBridgeProcedureStrictCatalogue.swift in Sources */ = {isa = PBXBuildFile; fileRef = 468A9B2A237F331C00A73985 /* XyoBridgeProcedureStrictCatalogue.swift */; };
		468A9B2E237F331C00A73985 /* XyoBridgeProcedureCatalogue.swift in Sources */ = {isa = PBXBuildFile; fileRef = 468A9B2B237F331C00A73985 /* XyoBridgeProcedureCatalogue.swift */; };
		468A9B2F237F331C00A73985 /* XyoBleToTcpBridge.swift in Sources */ = {isa = PBXBuildFile; fileRef = 468A9B2C237F331C00A73985 /* XyoBleToTcpBridge.swift */; };
		E28EF5A1CF6AECB2B44271A3 /* Pods_sdk_xyo_swift.framework in Frameworks */ = {isa = PBXBuildFile; fileRef = 4A1845A387C8B31F88A8C3B5 /* Pods_sdk_xyo_swift.framework */; };
/* End PBXBuildFile section */

/* Begin PBXFileReference section */
		0A14505C235145C800AB2E76 /* sdk_xyo_swift.framework */ = {isa = PBXFileReference; explicitFileType = wrapper.framework; includeInIndex = 0; path = sdk_xyo_swift.framework; sourceTree = BUILT_PRODUCTS_DIR; };
		0A14506A2351485100AB2E76 /* XyoClient.swift */ = {isa = PBXFileReference; fileEncoding = 4; lastKnownFileType = sourcecode.swift; path = XyoClient.swift; sourceTree = "<group>"; };
		0A14506B2351485100AB2E76 /* XyoBleClient.swift */ = {isa = PBXFileReference; fileEncoding = 4; lastKnownFileType = sourcecode.swift; path = XyoBleClient.swift; sourceTree = "<group>"; };
		0A14506C2351485100AB2E76 /* XyoTcpipClient.swift */ = {isa = PBXFileReference; fileEncoding = 4; lastKnownFileType = sourcecode.swift; path = XyoTcpipClient.swift; sourceTree = "<group>"; };
		0A14506F2351485100AB2E76 /* sdk_xyo_swift.h */ = {isa = PBXFileReference; fileEncoding = 4; lastKnownFileType = sourcecode.c.h; path = sdk_xyo_swift.h; sourceTree = "<group>"; };
		0A1450712351485100AB2E76 /* XyoTcpipNetwork.swift */ = {isa = PBXFileReference; fileEncoding = 4; lastKnownFileType = sourcecode.swift; path = XyoTcpipNetwork.swift; sourceTree = "<group>"; };
		0A1450722351485100AB2E76 /* XyoBleNetwork.swift */ = {isa = PBXFileReference; fileEncoding = 4; lastKnownFileType = sourcecode.swift; path = XyoBleNetwork.swift; sourceTree = "<group>"; };
		0A1450732351485100AB2E76 /* XyoNetwork.swift */ = {isa = PBXFileReference; fileEncoding = 4; lastKnownFileType = sourcecode.swift; path = XyoNetwork.swift; sourceTree = "<group>"; };
		0A1450752351485100AB2E76 /* XyoNetworkDevice.swift */ = {isa = PBXFileReference; fileEncoding = 4; lastKnownFileType = sourcecode.swift; path = XyoNetworkDevice.swift; sourceTree = "<group>"; };
		0A1450782351485100AB2E76 /* XyoNode.swift */ = {isa = PBXFileReference; fileEncoding = 4; lastKnownFileType = sourcecode.swift; path = XyoNode.swift; sourceTree = "<group>"; };
		0A1450792351485100AB2E76 /* XyoNodeBuilder.swift */ = {isa = PBXFileReference; fileEncoding = 4; lastKnownFileType = sourcecode.swift; path = XyoNodeBuilder.swift; sourceTree = "<group>"; };
		0A14507B2351485100AB2E76 /* XyoBoundWitnessTarget.swift */ = {isa = PBXFileReference; fileEncoding = 4; lastKnownFileType = sourcecode.swift; path = XyoBoundWitnessTarget.swift; sourceTree = "<group>"; };
		0A14507C2351485100AB2E76 /* XyoSdk.swift */ = {isa = PBXFileReference; fileEncoding = 4; lastKnownFileType = sourcecode.swift; path = XyoSdk.swift; sourceTree = "<group>"; };
		0A1450802351485100AB2E76 /* XyoTcpipServer.swift */ = {isa = PBXFileReference; fileEncoding = 4; lastKnownFileType = sourcecode.swift; path = XyoTcpipServer.swift; sourceTree = "<group>"; };
		0A1450812351485100AB2E76 /* XyoServer.swift */ = {isa = PBXFileReference; fileEncoding = 4; lastKnownFileType = sourcecode.swift; path = XyoServer.swift; sourceTree = "<group>"; };
		0A1450822351485100AB2E76 /* XyoBleServer.swift */ = {isa = PBXFileReference; fileEncoding = 4; lastKnownFileType = sourcecode.swift; path = XyoBleServer.swift; sourceTree = "<group>"; };
		0A5DC406237B68CA00258A06 /* XyoStringHeuristic.swift */ = {isa = PBXFileReference; fileEncoding = 4; lastKnownFileType = sourcecode.swift; path = XyoStringHeuristic.swift; sourceTree = "<group>"; };
		0A5DC408237B68DC00258A06 /* XyoRssiHeuristic.swift */ = {isa = PBXFileReference; fileEncoding = 4; lastKnownFileType = sourcecode.swift; path = XyoRssiHeuristic.swift; sourceTree = "<group>"; };
		0A5DC409237B68DC00258A06 /* XyoGpsHeuristic.swift */ = {isa = PBXFileReference; fileEncoding = 4; lastKnownFileType = sourcecode.swift; path = XyoGpsHeuristic.swift; sourceTree = "<group>"; };
		0A5DC40A237B68DC00258A06 /* XyoUnixTimeHeuristic.swift */ = {isa = PBXFileReference; fileEncoding = 4; lastKnownFileType = sourcecode.swift; path = XyoUnixTimeHeuristic.swift; sourceTree = "<group>"; };
		0A5DC410237B953100258A06 /* README.md */ = {isa = PBXFileReference; fileEncoding = 4; lastKnownFileType = net.daringfireball.markdown; path = README.md; sourceTree = "<group>"; };
		0A5DC412237B96EF00258A06 /* sdk-xyo-swift.podspec */ = {isa = PBXFileReference; fileEncoding = 4; lastKnownFileType = text; path = "sdk-xyo-swift.podspec"; sourceTree = "<group>"; };
		0A999FF83CFBC6537BCD2FC14A5BD718 /* Pods-sdk-xyo-ios-example.release.xcconfig */ = {isa = PBXFileReference; includeInIndex = 1; lastKnownFileType = text.xcconfig; path = "Pods-sdk-xyo-ios-example.release.xcconfig"; sourceTree = "<group>"; };
		0ABBED16236920590054BCEE /* StringResolver.swift */ = {isa = PBXFileReference; fileEncoding = 4; lastKnownFileType = sourcecode.swift; path = StringResolver.swift; sourceTree = "<group>"; };
		0ABBED17236920590054BCEE /* XyoHumanHeuristics.swift */ = {isa = PBXFileReference; fileEncoding = 4; lastKnownFileType = sourcecode.swift; path = XyoHumanHeuristics.swift; sourceTree = "<group>"; };
		0ABBED18236920590054BCEE /* XyoHumanName.swift */ = {isa = PBXFileReference; fileEncoding = 4; lastKnownFileType = sourcecode.swift; path = XyoHumanName.swift; sourceTree = "<group>"; };
		0ABBED19236920590054BCEE /* RssiResolver.swift */ = {isa = PBXFileReference; fileEncoding = 4; lastKnownFileType = sourcecode.swift; path = RssiResolver.swift; sourceTree = "<group>"; };
		0ABBED1C2369205A0054BCEE /* GpsResolver.swift */ = {isa = PBXFileReference; fileEncoding = 4; lastKnownFileType = sourcecode.swift; path = GpsResolver.swift; sourceTree = "<group>"; };
		0ABBED1D2369205A0054BCEE /* TimeResolver.swift */ = {isa = PBXFileReference; fileEncoding = 4; lastKnownFileType = sourcecode.swift; path = TimeResolver.swift; sourceTree = "<group>"; };
		0AEC99242359375D00E47796 /* Promises.framework */ = {isa = PBXFileReference; explicitFileType = wrapper.framework; path = Promises.framework; sourceTree = BUILT_PRODUCTS_DIR; };
		0AEC99282359376200E47796 /* sdk_xyobleinterface_swift.framework */ = {isa = PBXFileReference; explicitFileType = wrapper.framework; path = sdk_xyobleinterface_swift.framework; sourceTree = BUILT_PRODUCTS_DIR; };
		0AEC993523593AE700E47796 /* FBLPromises.framework */ = {isa = PBXFileReference; explicitFileType = wrapper.framework; path = FBLPromises.framework; sourceTree = BUILT_PRODUCTS_DIR; };
		0AEC993723593AE700E47796 /* Promises.framework */ = {isa = PBXFileReference; explicitFileType = wrapper.framework; path = Promises.framework; sourceTree = BUILT_PRODUCTS_DIR; };
		0AEC993823593AE700E47796 /* sdk_core_swift.framework */ = {isa = PBXFileReference; explicitFileType = wrapper.framework; path = sdk_core_swift.framework; sourceTree = BUILT_PRODUCTS_DIR; };
		0AEC993923593AE700E47796 /* sdk_objectmodel_swift.framework */ = {isa = PBXFileReference; explicitFileType = wrapper.framework; path = sdk_objectmodel_swift.framework; sourceTree = BUILT_PRODUCTS_DIR; };
		0AEC993A23593AE700E47796 /* sdk_xyobleinterface_swift.framework */ = {isa = PBXFileReference; explicitFileType = wrapper.framework; path = sdk_xyobleinterface_swift.framework; sourceTree = BUILT_PRODUCTS_DIR; };
		0AEC993B23593AE700E47796 /* secp256k1.framework */ = {isa = PBXFileReference; explicitFileType = wrapper.framework; path = secp256k1.framework; sourceTree = BUILT_PRODUCTS_DIR; };
		0AEC993C23593AE700E47796 /* XyBleSdk.framework */ = {isa = PBXFileReference; explicitFileType = wrapper.framework; path = XyBleSdk.framework; sourceTree = BUILT_PRODUCTS_DIR; };
		3212113385A8FBBDB272BD23C409FF61 /* Foundation.framework */ = {isa = PBXFileReference; lastKnownFileType = wrapper.framework; name = Foundation.framework; path = Platforms/iPhoneOS.platform/Developer/SDKs/iPhoneOS12.2.sdk/System/Library/Frameworks/Foundation.framework; sourceTree = DEVELOPER_DIR; };
		3ABB74A71CB0F42DC0FB6C37F7AABCB2 /* Pods-sdk-xyo-ios-example-acknowledgements.plist */ = {isa = PBXFileReference; includeInIndex = 1; lastKnownFileType = text.plist.xml; path = "Pods-sdk-xyo-ios-example-acknowledgements.plist"; sourceTree = "<group>"; };
		468A9AF6237F31D000A73985 /* XyoBluetoothDevice.swift */ = {isa = PBXFileReference; fileEncoding = 4; lastKnownFileType = sourcecode.swift; path = XyoBluetoothDevice.swift; sourceTree = "<group>"; };
		468A9AF7237F31D000A73985 /* XyoBluetoothServer.swift */ = {isa = PBXFileReference; fileEncoding = 4; lastKnownFileType = sourcecode.swift; path = XyoBluetoothServer.swift; sourceTree = "<group>"; };
		468A9AF8237F31D000A73985 /* XyoService.swift */ = {isa = PBXFileReference; fileEncoding = 4; lastKnownFileType = sourcecode.swift; path = XyoService.swift; sourceTree = "<group>"; };
		468A9AF9237F31D000A73985 /* XyoManufactorDeviceCreator.swift */ = {isa = PBXFileReference; fileEncoding = 4; lastKnownFileType = sourcecode.swift; path = XyoManufactorDeviceCreator.swift; sourceTree = "<group>"; };
		468A9AFA237F31D100A73985 /* XyoGattServerNetworkPipe.swift */ = {isa = PBXFileReference; fileEncoding = 4; lastKnownFileType = sourcecode.swift; path = XyoGattServerNetworkPipe.swift; sourceTree = "<group>"; };
		468A9AFB237F31D100A73985 /* XyoPipeCharacteristic.swift */ = {isa = PBXFileReference; fileEncoding = 4; lastKnownFileType = sourcecode.swift; path = XyoPipeCharacteristic.swift; sourceTree = "<group>"; };
		468A9AFC237F31D100A73985 /* XyoBluetoothDeviceCreator.swift */ = {isa = PBXFileReference; fileEncoding = 4; lastKnownFileType = sourcecode.swift; path = XyoBluetoothDeviceCreator.swift; sourceTree = "<group>"; };
		468A9B06237F31EF00A73985 /* XyoOutputStream.swift */ = {isa = PBXFileReference; fileEncoding = 4; lastKnownFileType = sourcecode.swift; path = XyoOutputStream.swift; sourceTree = "<group>"; };
		468A9B07237F31EF00A73985 /* XyoGattNameEncoder.swift */ = {isa = PBXFileReference; fileEncoding = 4; lastKnownFileType = sourcecode.swift; path = XyoGattNameEncoder.swift; sourceTree = "<group>"; };
		468A9B08237F31EF00A73985 /* XyoInputStream.swift */ = {isa = PBXFileReference; fileEncoding = 4; lastKnownFileType = sourcecode.swift; path = XyoInputStream.swift; sourceTree = "<group>"; };
		468A9B10237F323800A73985 /* XyoAndroidXDevice.swift */ = {isa = PBXFileReference; fileEncoding = 4; lastKnownFileType = sourcecode.swift; path = XyoAndroidXDevice.swift; sourceTree = "<group>"; };
		468A9B11237F323800A73985 /* XyoAndroidXDeviceCreator.swift */ = {isa = PBXFileReference; fileEncoding = 4; lastKnownFileType = sourcecode.swift; path = XyoAndroidXDeviceCreator.swift; sourceTree = "<group>"; };
		468A9B12237F323800A73985 /* XyoAndroidXService.swift */ = {isa = PBXFileReference; fileEncoding = 4; lastKnownFileType = sourcecode.swift; path = XyoAndroidXService.swift; sourceTree = "<group>"; };
		468A9B16237F324300A73985 /* XyoBridgeXDeviceCreator.swift */ = {isa = PBXFileReference; fileEncoding = 4; lastKnownFileType = sourcecode.swift; path = XyoBridgeXDeviceCreator.swift; sourceTree = "<group>"; };
		468A9B17237F324300A73985 /* XyoBridgeXDevice.swift */ = {isa = PBXFileReference; fileEncoding = 4; lastKnownFileType = sourcecode.swift; path = XyoBridgeXDevice.swift; sourceTree = "<group>"; };
		468A9B18237F324300A73985 /* XyoBridgeXService.swift */ = {isa = PBXFileReference; fileEncoding = 4; lastKnownFileType = sourcecode.swift; path = XyoBridgeXService.swift; sourceTree = "<group>"; };
		468A9B1C237F324C00A73985 /* XyoIosXDeviceCreator.swift */ = {isa = PBXFileReference; fileEncoding = 4; lastKnownFileType = sourcecode.swift; path = XyoIosXDeviceCreator.swift; sourceTree = "<group>"; };
		468A9B1D237F324C00A73985 /* XyoIosXDevice.swift */ = {isa = PBXFileReference; fileEncoding = 4; lastKnownFileType = sourcecode.swift; path = XyoIosXDevice.swift; sourceTree = "<group>"; };
		468A9B1E237F324C00A73985 /* XyoIosXService.swift */ = {isa = PBXFileReference; fileEncoding = 4; lastKnownFileType = sourcecode.swift; path = XyoIosXService.swift; sourceTree = "<group>"; };
		468A9B22237F325500A73985 /* XyoSentinelXDeviceCreator.swift */ = {isa = PBXFileReference; fileEncoding = 4; lastKnownFileType = sourcecode.swift; path = XyoSentinelXDeviceCreator.swift; sourceTree = "<group>"; };
		468A9B23237F325600A73985 /* XyoSentinelXManager.swift */ = {isa = PBXFileReference; fileEncoding = 4; lastKnownFileType = sourcecode.swift; path = XyoSentinelXManager.swift; sourceTree = "<group>"; };
		468A9B24237F325600A73985 /* XyoSentinelXDevice.swift */ = {isa = PBXFileReference; fileEncoding = 4; lastKnownFileType = sourcecode.swift; path = XyoSentinelXDevice.swift; sourceTree = "<group>"; };
		468A9B28237F326200A73985 /* XyoDifferentiableDevice.swift */ = {isa = PBXFileReference; fileEncoding = 4; lastKnownFileType = sourcecode.swift; path = XyoDifferentiableDevice.swift; sourceTree = "<group>"; };
		468A9B2A237F331C00A73985 /* XyoBridgeProcedureStrictCatalogue.swift */ = {isa = PBXFileReference; fileEncoding = 4; lastKnownFileType = sourcecode.swift; path = XyoBridgeProcedureStrictCatalogue.swift; sourceTree = "<group>"; };
		468A9B2B237F331C00A73985 /* XyoBridgeProcedureCatalogue.swift */ = {isa = PBXFileReference; fileEncoding = 4; lastKnownFileType = sourcecode.swift; path = XyoBridgeProcedureCatalogue.swift; sourceTree = "<group>"; };
		468A9B2C237F331C00A73985 /* XyoBleToTcpBridge.swift */ = {isa = PBXFileReference; fileEncoding = 4; lastKnownFileType = sourcecode.swift; path = XyoBleToTcpBridge.swift; sourceTree = "<group>"; };
		4A1845A387C8B31F88A8C3B5 /* Pods_sdk_xyo_swift.framework */ = {isa = PBXFileReference; explicitFileType = wrapper.framework; includeInIndex = 0; path = Pods_sdk_xyo_swift.framework; sourceTree = BUILT_PRODUCTS_DIR; };
		4CC45F3914E2A354E7510DF4 /* Pods-sdk-xyo-swift.debug.xcconfig */ = {isa = PBXFileReference; includeInIndex = 1; lastKnownFileType = text.xcconfig; name = "Pods-sdk-xyo-swift.debug.xcconfig"; path = "Target Support Files/Pods-sdk-xyo-swift/Pods-sdk-xyo-swift.debug.xcconfig"; sourceTree = "<group>"; };
		8CEE246B5667FB9712A47039694F5F8F /* Pods-sdk-xyo-ios-example.debug.xcconfig */ = {isa = PBXFileReference; includeInIndex = 1; lastKnownFileType = text.xcconfig; path = "Pods-sdk-xyo-ios-example.debug.xcconfig"; sourceTree = "<group>"; };
		8DE0330358CBD6ACD228AAA4F13D0409 /* Pods-sdk-xyo-ios-example-acknowledgements.markdown */ = {isa = PBXFileReference; includeInIndex = 1; lastKnownFileType = text; path = "Pods-sdk-xyo-ios-example-acknowledgements.markdown"; sourceTree = "<group>"; };
		965CE630912E663F2BBAAF4489BA1C97 /* Pods-sdk-xyo-ios-example-Info.plist */ = {isa = PBXFileReference; includeInIndex = 1; lastKnownFileType = text.plist.xml; path = "Pods-sdk-xyo-ios-example-Info.plist"; sourceTree = "<group>"; };
		9A8CAAF8D9BB6AD4CD82457F1E151D3B /* Pods-sdk-xyo-ios-example-dummy.m */ = {isa = PBXFileReference; includeInIndex = 1; lastKnownFileType = sourcecode.c.objc; path = "Pods-sdk-xyo-ios-example-dummy.m"; sourceTree = "<group>"; };
		BF4124E9A269CC61E65D5EDE /* Pods-sdk-xyo-swift.release.xcconfig */ = {isa = PBXFileReference; includeInIndex = 1; lastKnownFileType = text.xcconfig; name = "Pods-sdk-xyo-swift.release.xcconfig"; path = "Target Support Files/Pods-sdk-xyo-swift/Pods-sdk-xyo-swift.release.xcconfig"; sourceTree = "<group>"; };
		D77C3823E93CA8B352BDB65BFB592723 /* Pods-sdk-xyo-ios-example.modulemap */ = {isa = PBXFileReference; includeInIndex = 1; lastKnownFileType = sourcecode.module; path = "Pods-sdk-xyo-ios-example.modulemap"; sourceTree = "<group>"; };
		E213F1BC38F12C4172E84C3F67B68739 /* Pods-sdk-xyo-ios-example-umbrella.h */ = {isa = PBXFileReference; includeInIndex = 1; lastKnownFileType = sourcecode.c.h; path = "Pods-sdk-xyo-ios-example-umbrella.h"; sourceTree = "<group>"; };
/* End PBXFileReference section */

/* Begin PBXFrameworksBuildPhase section */
		0A145059235145C800AB2E76 /* Frameworks */ = {
			isa = PBXFrameworksBuildPhase;
			buildActionMask = 2147483647;
			files = (
				E28EF5A1CF6AECB2B44271A3 /* Pods_sdk_xyo_swift.framework in Frameworks */,
			);
			runOnlyForDeploymentPostprocessing = 0;
		};
/* End PBXFrameworksBuildPhase section */

/* Begin PBXGroup section */
		0A1450682351485100AB2E76 /* Source */ = {
			isa = PBXGroup;
			children = (
				468A9AF5237F316700A73985 /* BleTcpBridge */,
				468A9AF4237F315200A73985 /* BleInterface */,
				0ABBECEC2368BD470054BCEE /* Heuristics */,
				0A1450692351485100AB2E76 /* Clients */,
				0A14506F2351485100AB2E76 /* sdk_xyo_swift.h */,
				0A1450702351485100AB2E76 /* Networks */,
				0A1450742351485100AB2E76 /* sdk */,
				0A14507F2351485100AB2E76 /* Servers */,
			);
			path = Source;
			sourceTree = "<group>";
		};
		0A1450692351485100AB2E76 /* Clients */ = {
			isa = PBXGroup;
			children = (
				0A14506A2351485100AB2E76 /* XyoClient.swift */,
				0A14506B2351485100AB2E76 /* XyoBleClient.swift */,
				0A14506C2351485100AB2E76 /* XyoTcpipClient.swift */,
			);
			path = Clients;
			sourceTree = "<group>";
		};
		0A1450702351485100AB2E76 /* Networks */ = {
			isa = PBXGroup;
			children = (
				0A1450712351485100AB2E76 /* XyoTcpipNetwork.swift */,
				0A1450722351485100AB2E76 /* XyoBleNetwork.swift */,
				0A1450732351485100AB2E76 /* XyoNetwork.swift */,
			);
			path = Networks;
			sourceTree = "<group>";
		};
		0A1450742351485100AB2E76 /* sdk */ = {
			isa = PBXGroup;
			children = (
				0A1450752351485100AB2E76 /* XyoNetworkDevice.swift */,
				0A1450782351485100AB2E76 /* XyoNode.swift */,
				0A1450792351485100AB2E76 /* XyoNodeBuilder.swift */,
				0A14507B2351485100AB2E76 /* XyoBoundWitnessTarget.swift */,
				0A14507C2351485100AB2E76 /* XyoSdk.swift */,
			);
			path = sdk;
			sourceTree = "<group>";
		};
		0A14507F2351485100AB2E76 /* Servers */ = {
			isa = PBXGroup;
			children = (
				0A1450802351485100AB2E76 /* XyoTcpipServer.swift */,
				0A1450812351485100AB2E76 /* XyoServer.swift */,
				0A1450822351485100AB2E76 /* XyoBleServer.swift */,
			);
			path = Servers;
			sourceTree = "<group>";
		};
		0ABBECEC2368BD470054BCEE /* Heuristics */ = {
			isa = PBXGroup;
			children = (
				0ABBED1C2369205A0054BCEE /* GpsResolver.swift */,
				0ABBED19236920590054BCEE /* RssiResolver.swift */,
				0ABBED16236920590054BCEE /* StringResolver.swift */,
				0ABBED1D2369205A0054BCEE /* TimeResolver.swift */,
				0ABBED17236920590054BCEE /* XyoHumanHeuristics.swift */,
				0ABBED18236920590054BCEE /* XyoHumanName.swift */,
				0A5DC409237B68DC00258A06 /* XyoGpsHeuristic.swift */,
				0A5DC408237B68DC00258A06 /* XyoRssiHeuristic.swift */,
				0A5DC40A237B68DC00258A06 /* XyoUnixTimeHeuristic.swift */,
				0A5DC406237B68CA00258A06 /* XyoStringHeuristic.swift */,
			);
			path = Heuristics;
			sourceTree = "<group>";
		};
		2D85C207F3C7298430CBF6818F75B1ED /* Pods-sdk-xyo-ios-example */ = {
			isa = PBXGroup;
			children = (
				D77C3823E93CA8B352BDB65BFB592723 /* Pods-sdk-xyo-ios-example.modulemap */,
				8DE0330358CBD6ACD228AAA4F13D0409 /* Pods-sdk-xyo-ios-example-acknowledgements.markdown */,
				3ABB74A71CB0F42DC0FB6C37F7AABCB2 /* Pods-sdk-xyo-ios-example-acknowledgements.plist */,
				9A8CAAF8D9BB6AD4CD82457F1E151D3B /* Pods-sdk-xyo-ios-example-dummy.m */,
				965CE630912E663F2BBAAF4489BA1C97 /* Pods-sdk-xyo-ios-example-Info.plist */,
				E213F1BC38F12C4172E84C3F67B68739 /* Pods-sdk-xyo-ios-example-umbrella.h */,
				8CEE246B5667FB9712A47039694F5F8F /* Pods-sdk-xyo-ios-example.debug.xcconfig */,
				0A999FF83CFBC6537BCD2FC14A5BD718 /* Pods-sdk-xyo-ios-example.release.xcconfig */,
			);
			name = "Pods-sdk-xyo-ios-example";
			path = "Target Support Files/Pods-sdk-xyo-ios-example";
			sourceTree = "<group>";
		};
		468A9AF4237F315200A73985 /* BleInterface */ = {
			isa = PBXGroup;
			children = (
				468A9AF6237F31D000A73985 /* XyoBluetoothDevice.swift */,
				468A9AFC237F31D100A73985 /* XyoBluetoothDeviceCreator.swift */,
				468A9AF7237F31D000A73985 /* XyoBluetoothServer.swift */,
				468A9AFA237F31D100A73985 /* XyoGattServerNetworkPipe.swift */,
				468A9AF9237F31D000A73985 /* XyoManufactorDeviceCreator.swift */,
				468A9AFB237F31D100A73985 /* XyoPipeCharacteristic.swift */,
				468A9AF8237F31D000A73985 /* XyoService.swift */,
				468A9B04237F31D400A73985 /* data */,
				468A9B05237F31E200A73985 /* devices */,
			);
			path = BleInterface;
			sourceTree = "<group>";
		};
		468A9AF5237F316700A73985 /* BleTcpBridge */ = {
			isa = PBXGroup;
			children = (
				468A9B2C237F331C00A73985 /* XyoBleToTcpBridge.swift */,
				468A9B2B237F331C00A73985 /* XyoBridgeProcedureCatalogue.swift */,
				468A9B2A237F331C00A73985 /* XyoBridgeProcedureStrictCatalogue.swift */,
			);
			path = BleTcpBridge;
			sourceTree = "<group>";
		};
		468A9B04237F31D400A73985 /* data */ = {
			isa = PBXGroup;
			children = (
				468A9B07237F31EF00A73985 /* XyoGattNameEncoder.swift */,
				468A9B08237F31EF00A73985 /* XyoInputStream.swift */,
				468A9B06237F31EF00A73985 /* XyoOutputStream.swift */,
			);
			path = data;
			sourceTree = "<group>";
		};
		468A9B05237F31E200A73985 /* devices */ = {
			isa = PBXGroup;
			children = (
				468A9B28237F326200A73985 /* XyoDifferentiableDevice.swift */,
				468A9B0F237F322600A73985 /* sentinelX */,
				468A9B0E237F321700A73985 /* iosX */,
				468A9B0D237F320D00A73985 /* bridgeX */,
				468A9B0C237F31FC00A73985 /* androidX */,
			);
			path = devices;
			sourceTree = "<group>";
		};
		468A9B0C237F31FC00A73985 /* androidX */ = {
			isa = PBXGroup;
			children = (
				468A9B10237F323800A73985 /* XyoAndroidXDevice.swift */,
				468A9B11237F323800A73985 /* XyoAndroidXDeviceCreator.swift */,
				468A9B12237F323800A73985 /* XyoAndroidXService.swift */,
			);
			path = androidX;
			sourceTree = "<group>";
		};
		468A9B0D237F320D00A73985 /* bridgeX */ = {
			isa = PBXGroup;
			children = (
				468A9B17237F324300A73985 /* XyoBridgeXDevice.swift */,
				468A9B16237F324300A73985 /* XyoBridgeXDeviceCreator.swift */,
				468A9B18237F324300A73985 /* XyoBridgeXService.swift */,
			);
			path = bridgeX;
			sourceTree = "<group>";
		};
		468A9B0E237F321700A73985 /* iosX */ = {
			isa = PBXGroup;
			children = (
				468A9B1D237F324C00A73985 /* XyoIosXDevice.swift */,
				468A9B1C237F324C00A73985 /* XyoIosXDeviceCreator.swift */,
				468A9B1E237F324C00A73985 /* XyoIosXService.swift */,
			);
			path = iosX;
			sourceTree = "<group>";
		};
		468A9B0F237F322600A73985 /* sentinelX */ = {
			isa = PBXGroup;
			children = (
				468A9B24237F325600A73985 /* XyoSentinelXDevice.swift */,
				468A9B22237F325500A73985 /* XyoSentinelXDeviceCreator.swift */,
				468A9B23237F325600A73985 /* XyoSentinelXManager.swift */,
			);
			path = sentinelX;
			sourceTree = "<group>";
		};
		8A44CDBE27480A443BAB45E4E89344D8 /* Products */ = {
			isa = PBXGroup;
			children = (
				0A14505C235145C800AB2E76 /* sdk_xyo_swift.framework */,
			);
			name = Products;
			sourceTree = "<group>";
		};
		C0834CEBB1379A84116EF29F93051C60 /* iOS */ = {
			isa = PBXGroup;
			children = (
				3212113385A8FBBDB272BD23C409FF61 /* Foundation.framework */,
			);
			name = iOS;
			sourceTree = "<group>";
		};
		CF1408CF629C7361332E53B88F7BD30C = {
			isa = PBXGroup;
			children = (
				0A1450682351485100AB2E76 /* Source */,
				D210D550F4EA176C3123ED886F8F87F5 /* Frameworks */,
				8A44CDBE27480A443BAB45E4E89344D8 /* Products */,
				E9D8D4BFC452049F67769084B98735BB /* Support Files */,
				D21ABAC83CEB0E0A6DDF3A5D /* Pods */,
			);
			sourceTree = "<group>";
		};
		D210D550F4EA176C3123ED886F8F87F5 /* Frameworks */ = {
			isa = PBXGroup;
			children = (
				0AEC993523593AE700E47796 /* FBLPromises.framework */,
				0AEC993723593AE700E47796 /* Promises.framework */,
				0AEC993823593AE700E47796 /* sdk_core_swift.framework */,
				0AEC993923593AE700E47796 /* sdk_objectmodel_swift.framework */,
				0AEC993A23593AE700E47796 /* sdk_xyobleinterface_swift.framework */,
				0AEC993B23593AE700E47796 /* secp256k1.framework */,
				0AEC993C23593AE700E47796 /* XyBleSdk.framework */,
				0AEC99282359376200E47796 /* sdk_xyobleinterface_swift.framework */,
				0AEC99242359375D00E47796 /* Promises.framework */,
				C0834CEBB1379A84116EF29F93051C60 /* iOS */,
				4A1845A387C8B31F88A8C3B5 /* Pods_sdk_xyo_swift.framework */,
			);
			name = Frameworks;
			sourceTree = "<group>";
		};
		D21ABAC83CEB0E0A6DDF3A5D /* Pods */ = {
			isa = PBXGroup;
			children = (
				4CC45F3914E2A354E7510DF4 /* Pods-sdk-xyo-swift.debug.xcconfig */,
				BF4124E9A269CC61E65D5EDE /* Pods-sdk-xyo-swift.release.xcconfig */,
			);
			path = Pods;
			sourceTree = "<group>";
		};
		E9D8D4BFC452049F67769084B98735BB /* Support Files */ = {
			isa = PBXGroup;
			children = (
				0A5DC412237B96EF00258A06 /* sdk-xyo-swift.podspec */,
				0A5DC410237B953100258A06 /* README.md */,
				2D85C207F3C7298430CBF6818F75B1ED /* Pods-sdk-xyo-ios-example */,
			);
			name = "Support Files";
			sourceTree = "<group>";
		};
/* End PBXGroup section */

/* Begin PBXHeadersBuildPhase section */
		0A145057235145C800AB2E76 /* Headers */ = {
			isa = PBXHeadersBuildPhase;
			buildActionMask = 2147483647;
			files = (
				0A1450892351485100AB2E76 /* sdk_xyo_swift.h in Headers */,
			);
			runOnlyForDeploymentPostprocessing = 0;
		};
/* End PBXHeadersBuildPhase section */

/* Begin PBXNativeTarget section */
		0A14505B235145C800AB2E76 /* sdk-xyo-swift */ = {
			isa = PBXNativeTarget;
			buildConfigurationList = 0A145061235145C800AB2E76 /* Build configuration list for PBXNativeTarget "sdk-xyo-swift" */;
			buildPhases = (
				D3993BF54BAF7EB3C187E9C5 /* [CP] Check Pods Manifest.lock */,
				0A145057235145C800AB2E76 /* Headers */,
				0A145058235145C800AB2E76 /* Sources */,
				0A145059235145C800AB2E76 /* Frameworks */,
				0A14505A235145C800AB2E76 /* Resources */,
			);
			buildRules = (
			);
			dependencies = (
			);
			name = "sdk-xyo-swift";
			productName = "sdk-xyo-swift-1";
			productReference = 0A14505C235145C800AB2E76 /* sdk_xyo_swift.framework */;
			productType = "com.apple.product-type.framework";
		};
/* End PBXNativeTarget section */

/* Begin PBXProject section */
		BFDFE7DC352907FC980B868725387E98 /* Project object */ = {
			isa = PBXProject;
			attributes = {
				LastSwiftUpdateCheck = 1110;
				LastUpgradeCheck = 1100;
				TargetAttributes = {
					0A14505B235145C800AB2E76 = {
						CreatedOnToolsVersion = 11.1;
						ProvisioningStyle = Automatic;
					};
				};
			};
			buildConfigurationList = 4821239608C13582E20E6DA73FD5F1F9 /* Build configuration list for PBXProject "sdk-xyo-swift" */;
			compatibilityVersion = "Xcode 3.2";
			developmentRegion = en;
			hasScannedForEncodings = 0;
			knownRegions = (
				en,
			);
			mainGroup = CF1408CF629C7361332E53B88F7BD30C;
			productRefGroup = 8A44CDBE27480A443BAB45E4E89344D8 /* Products */;
			projectDirPath = "";
			projectRoot = "";
			targets = (
				0A14505B235145C800AB2E76 /* sdk-xyo-swift */,
			);
		};
/* End PBXProject section */

/* Begin PBXResourcesBuildPhase section */
		0A14505A235145C800AB2E76 /* Resources */ = {
			isa = PBXResourcesBuildPhase;
			buildActionMask = 2147483647;
			files = (
				0A5DC413237B96EF00258A06 /* sdk-xyo-swift.podspec in Resources */,
				0A5DC411237B953100258A06 /* README.md in Resources */,
			);
			runOnlyForDeploymentPostprocessing = 0;
		};
/* End PBXResourcesBuildPhase section */

/* Begin PBXShellScriptBuildPhase section */
		D3993BF54BAF7EB3C187E9C5 /* [CP] Check Pods Manifest.lock */ = {
			isa = PBXShellScriptBuildPhase;
			buildActionMask = 2147483647;
			files = (
			);
			inputFileListPaths = (
			);
			inputPaths = (
				"${PODS_PODFILE_DIR_PATH}/Podfile.lock",
				"${PODS_ROOT}/Manifest.lock",
			);
			name = "[CP] Check Pods Manifest.lock";
			outputFileListPaths = (
			);
			outputPaths = (
				"$(DERIVED_FILE_DIR)/Pods-sdk-xyo-swift-checkManifestLockResult.txt",
			);
			runOnlyForDeploymentPostprocessing = 0;
			shellPath = /bin/sh;
			shellScript = "diff \"${PODS_PODFILE_DIR_PATH}/Podfile.lock\" \"${PODS_ROOT}/Manifest.lock\" > /dev/null\nif [ $? != 0 ] ; then\n    # print error to STDERR\n    echo \"error: The sandbox is not in sync with the Podfile.lock. Run 'pod install' or update your CocoaPods installation.\" >&2\n    exit 1\nfi\n# This output is used by Xcode 'outputs' to avoid re-running this script phase.\necho \"SUCCESS\" > \"${SCRIPT_OUTPUT_FILE_0}\"\n";
			showEnvVarsInLog = 0;
		};
/* End PBXShellScriptBuildPhase section */

/* Begin PBXSourcesBuildPhase section */
		0A145058235145C800AB2E76 /* Sources */ = {
			isa = PBXSourcesBuildPhase;
			buildActionMask = 2147483647;
			files = (
				0ABBED1F2369205A0054BCEE /* StringResolver.swift in Sources */,
				468A9B20237F324D00A73985 /* XyoIosXDevice.swift in Sources */,
				0A14508A2351485100AB2E76 /* XyoTcpipNetwork.swift in Sources */,
				468A9B26237F325600A73985 /* XyoSentinelXManager.swift in Sources */,
				0A5DC40C237B68DC00258A06 /* XyoGpsHeuristic.swift in Sources */,
				468A9AFD237F31D100A73985 /* XyoBluetoothDevice.swift in Sources */,
				468A9B2F237F331C00A73985 /* XyoBleToTcpBridge.swift in Sources */,
				468A9B2D237F331C00A73985 /* XyoBridgeProcedureStrictCatalogue.swift in Sources */,
				0A5DC407237B68CA00258A06 /* XyoStringHeuristic.swift in Sources */,
				468A9B21237F324D00A73985 /* XyoIosXService.swift in Sources */,
				468A9B29237F326200A73985 /* XyoDifferentiableDevice.swift in Sources */,
				468A9B2E237F331C00A73985 /* XyoBridgeProcedureCatalogue.swift in Sources */,
				0A5DC40B237B68DC00258A06 /* XyoRssiHeuristic.swift in Sources */,
				0A1450862351485100AB2E76 /* XyoTcpipClient.swift in Sources */,
				0A1450982351485100AB2E76 /* XyoBleServer.swift in Sources */,
				468A9B03237F31D100A73985 /* XyoBluetoothDeviceCreator.swift in Sources */,
				0A14508D2351485100AB2E76 /* XyoNetworkDevice.swift in Sources */,
				0A14508B2351485100AB2E76 /* XyoBleNetwork.swift in Sources */,
				468A9B00237F31D100A73985 /* XyoManufactorDeviceCreator.swift in Sources */,
				468A9B02237F31D100A73985 /* XyoPipeCharacteristic.swift in Sources */,
				468A9B09237F31EF00A73985 /* XyoOutputStream.swift in Sources */,
				468A9B25237F325600A73985 /* XyoSentinelXDeviceCreator.swift in Sources */,
				468A9B01237F31D100A73985 /* XyoGattServerNetworkPipe.swift in Sources */,
				0ABBED212369205A0054BCEE /* XyoHumanName.swift in Sources */,
				0A1450842351485100AB2E76 /* XyoClient.swift in Sources */,
				468A9B13237F323800A73985 /* XyoAndroidXDevice.swift in Sources */,
				468A9B0A237F31EF00A73985 /* XyoGattNameEncoder.swift in Sources */,
				468A9AFF237F31D100A73985 /* XyoService.swift in Sources */,
				0A1450962351485100AB2E76 /* XyoTcpipServer.swift in Sources */,
				0A1450972351485100AB2E76 /* XyoServer.swift in Sources */,
				468A9B14237F323800A73985 /* XyoAndroidXDeviceCreator.swift in Sources */,
				468A9AFE237F31D100A73985 /* XyoBluetoothServer.swift in Sources */,
				468A9B1A237F324300A73985 /* XyoBridgeXDevice.swift in Sources */,
				0ABBED222369205A0054BCEE /* RssiResolver.swift in Sources */,
				0ABBED252369205A0054BCEE /* GpsResolver.swift in Sources */,
				0A5DC40D237B68DC00258A06 /* XyoUnixTimeHeuristic.swift in Sources */,
				0A1450942351485100AB2E76 /* XyoSdk.swift in Sources */,
				0ABBED262369205A0054BCEE /* TimeResolver.swift in Sources */,
				468A9B19237F324300A73985 /* XyoBridgeXDeviceCreator.swift in Sources */,
				0A14508C2351485100AB2E76 /* XyoNetwork.swift in Sources */,
				468A9B1B237F324300A73985 /* XyoBridgeXService.swift in Sources */,
				468A9B1F237F324D00A73985 /* XyoIosXDeviceCreator.swift in Sources */,
				0A1450852351485100AB2E76 /* XyoBleClient.swift in Sources */,
				468A9B27237F325600A73985 /* XyoSentinelXDevice.swift in Sources */,
				468A9B15237F323800A73985 /* XyoAndroidXService.swift in Sources */,
				0A1450902351485100AB2E76 /* XyoNode.swift in Sources */,
				0A1450912351485100AB2E76 /* XyoNodeBuilder.swift in Sources */,
				0A1450932351485100AB2E76 /* XyoBoundWitnessTarget.swift in Sources */,
				0ABBED202369205A0054BCEE /* XyoHumanHeuristics.swift in Sources */,
				468A9B0B237F31EF00A73985 /* XyoInputStream.swift in Sources */,
			);
			runOnlyForDeploymentPostprocessing = 0;
		};
/* End PBXSourcesBuildPhase section */

/* Begin XCBuildConfiguration section */
		0A145062235145C800AB2E76 /* Debug */ = {
			isa = XCBuildConfiguration;
			baseConfigurationReference = 4CC45F3914E2A354E7510DF4 /* Pods-sdk-xyo-swift.debug.xcconfig */;
			buildSettings = {
				CODE_SIGN_STYLE = Automatic;
				CURRENT_PROJECT_VERSION = 1;
				DEFINES_MODULE = YES;
				DYLIB_COMPATIBILITY_VERSION = 1;
				DYLIB_CURRENT_VERSION = 1;
				DYLIB_INSTALL_NAME_BASE = "@rpath";
				GCC_PREPROCESSOR_DEFINITIONS = (
					"DEBUG=1",
					"$(inherited)",
				);
				INFOPLIST_FILE = "$(SRCROOT)/Source/Info.plist";
				INSTALL_PATH = "$(LOCAL_LIBRARY_DIR)/Frameworks";
				IPHONEOS_DEPLOYMENT_TARGET = 13.1;
				LD_RUNPATH_SEARCH_PATHS = "$(inherited) @executable_path/Frameworks @loader_path/Frameworks";
				MARKETING_VERSION = 1.0.3;
				PRODUCT_BUNDLE_IDENTIFIER = "XYOracleNetwork.sdk-xyo-swift";
				PRODUCT_NAME = "$(TARGET_NAME:c99extidentifier)";
				SDKROOT = iphoneos;
				SKIP_INSTALL = YES;
				SWIFT_VERSION = 5.0;
				TARGETED_DEVICE_FAMILY = "1,2";
				VERSIONING_SYSTEM = "apple-generic";
				VERSION_INFO_PREFIX = "";
			};
			name = Debug;
		};
		0A145063235145C800AB2E76 /* Release */ = {
			isa = XCBuildConfiguration;
			baseConfigurationReference = BF4124E9A269CC61E65D5EDE /* Pods-sdk-xyo-swift.release.xcconfig */;
			buildSettings = {
				CODE_SIGN_STYLE = Automatic;
				CURRENT_PROJECT_VERSION = 1;
				DEFINES_MODULE = YES;
				DYLIB_COMPATIBILITY_VERSION = 1;
				DYLIB_CURRENT_VERSION = 1;
				DYLIB_INSTALL_NAME_BASE = "@rpath";
				INFOPLIST_FILE = "$(SRCROOT)/Source/Info.plist";
				INSTALL_PATH = "$(LOCAL_LIBRARY_DIR)/Frameworks";
				IPHONEOS_DEPLOYMENT_TARGET = 13.1;
				LD_RUNPATH_SEARCH_PATHS = "$(inherited) @executable_path/Frameworks @loader_path/Frameworks";
				MARKETING_VERSION = 1.0.3;
				PRODUCT_BUNDLE_IDENTIFIER = "XYOracleNetwork.sdk-xyo-swift";
				PRODUCT_NAME = "$(TARGET_NAME:c99extidentifier)";
				SDKROOT = iphoneos;
				SKIP_INSTALL = YES;
				SWIFT_VERSION = 5.0;
				TARGETED_DEVICE_FAMILY = "1,2";
				VALIDATE_PRODUCT = YES;
				VERSIONING_SYSTEM = "apple-generic";
				VERSION_INFO_PREFIX = "";
			};
			name = Release;
		};
		B0087CB4594321EF41619F3181FE120E /* Release */ = {
			isa = XCBuildConfiguration;
			buildSettings = {
				ALWAYS_SEARCH_USER_PATHS = NO;
				CLANG_ANALYZER_NONNULL = YES;
				CLANG_ANALYZER_NUMBER_OBJECT_CONVERSION = YES_AGGRESSIVE;
				CLANG_CXX_LANGUAGE_STANDARD = "gnu++14";
				CLANG_CXX_LIBRARY = "libc++";
				CLANG_ENABLE_MODULES = YES;
				CLANG_ENABLE_OBJC_ARC = YES;
				CLANG_ENABLE_OBJC_WEAK = YES;
				CLANG_WARN_BLOCK_CAPTURE_AUTORELEASING = YES;
				CLANG_WARN_BOOL_CONVERSION = YES;
				CLANG_WARN_COMMA = YES;
				CLANG_WARN_CONSTANT_CONVERSION = YES;
				CLANG_WARN_DEPRECATED_OBJC_IMPLEMENTATIONS = YES;
				CLANG_WARN_DIRECT_OBJC_ISA_USAGE = YES_ERROR;
				CLANG_WARN_DOCUMENTATION_COMMENTS = YES;
				CLANG_WARN_EMPTY_BODY = YES;
				CLANG_WARN_ENUM_CONVERSION = YES;
				CLANG_WARN_INFINITE_RECURSION = YES;
				CLANG_WARN_INT_CONVERSION = YES;
				CLANG_WARN_NON_LITERAL_NULL_CONVERSION = YES;
				CLANG_WARN_OBJC_IMPLICIT_RETAIN_SELF = YES;
				CLANG_WARN_OBJC_LITERAL_CONVERSION = YES;
				CLANG_WARN_OBJC_ROOT_CLASS = YES_ERROR;
				CLANG_WARN_RANGE_LOOP_ANALYSIS = YES;
				CLANG_WARN_STRICT_PROTOTYPES = YES;
				CLANG_WARN_SUSPICIOUS_MOVE = YES;
				CLANG_WARN_UNGUARDED_AVAILABILITY = YES_AGGRESSIVE;
				CLANG_WARN_UNREACHABLE_CODE = YES;
				CLANG_WARN__DUPLICATE_METHOD_MATCH = YES;
				COPY_PHASE_STRIP = NO;
				DEBUG_INFORMATION_FORMAT = "dwarf-with-dsym";
				ENABLE_NS_ASSERTIONS = NO;
				ENABLE_STRICT_OBJC_MSGSEND = YES;
				GCC_C_LANGUAGE_STANDARD = gnu11;
				GCC_NO_COMMON_BLOCKS = YES;
				GCC_PREPROCESSOR_DEFINITIONS = (
					"POD_CONFIGURATION_RELEASE=1",
					"$(inherited)",
				);
				GCC_WARN_64_TO_32_BIT_CONVERSION = YES;
				GCC_WARN_ABOUT_RETURN_TYPE = YES_ERROR;
				GCC_WARN_UNDECLARED_SELECTOR = YES;
				GCC_WARN_UNINITIALIZED_AUTOS = YES_AGGRESSIVE;
				GCC_WARN_UNUSED_FUNCTION = YES;
				GCC_WARN_UNUSED_VARIABLE = YES;
				IPHONEOS_DEPLOYMENT_TARGET = 11.0;
				MTL_ENABLE_DEBUG_INFO = NO;
				MTL_FAST_MATH = YES;
				PRODUCT_NAME = "$(TARGET_NAME)";
				STRIP_INSTALLED_PRODUCT = NO;
				SWIFT_OPTIMIZATION_LEVEL = "-Owholemodule";
				SWIFT_VERSION = 5.0;
				SYMROOT = "${SRCROOT}/../build";
			};
			name = Release;
		};
		B8BCBD0110C2658BB5DAADB9B7D97B92 /* Debug */ = {
			isa = XCBuildConfiguration;
			buildSettings = {
				ALWAYS_SEARCH_USER_PATHS = NO;
				CLANG_ANALYZER_NONNULL = YES;
				CLANG_ANALYZER_NUMBER_OBJECT_CONVERSION = YES_AGGRESSIVE;
				CLANG_CXX_LANGUAGE_STANDARD = "gnu++14";
				CLANG_CXX_LIBRARY = "libc++";
				CLANG_ENABLE_MODULES = YES;
				CLANG_ENABLE_OBJC_ARC = YES;
				CLANG_ENABLE_OBJC_WEAK = YES;
				CLANG_WARN_BLOCK_CAPTURE_AUTORELEASING = YES;
				CLANG_WARN_BOOL_CONVERSION = YES;
				CLANG_WARN_COMMA = YES;
				CLANG_WARN_CONSTANT_CONVERSION = YES;
				CLANG_WARN_DEPRECATED_OBJC_IMPLEMENTATIONS = YES;
				CLANG_WARN_DIRECT_OBJC_ISA_USAGE = YES_ERROR;
				CLANG_WARN_DOCUMENTATION_COMMENTS = YES;
				CLANG_WARN_EMPTY_BODY = YES;
				CLANG_WARN_ENUM_CONVERSION = YES;
				CLANG_WARN_INFINITE_RECURSION = YES;
				CLANG_WARN_INT_CONVERSION = YES;
				CLANG_WARN_NON_LITERAL_NULL_CONVERSION = YES;
				CLANG_WARN_OBJC_IMPLICIT_RETAIN_SELF = YES;
				CLANG_WARN_OBJC_LITERAL_CONVERSION = YES;
				CLANG_WARN_OBJC_ROOT_CLASS = YES_ERROR;
				CLANG_WARN_RANGE_LOOP_ANALYSIS = YES;
				CLANG_WARN_STRICT_PROTOTYPES = YES;
				CLANG_WARN_SUSPICIOUS_MOVE = YES;
				CLANG_WARN_UNGUARDED_AVAILABILITY = YES_AGGRESSIVE;
				CLANG_WARN_UNREACHABLE_CODE = YES;
				CLANG_WARN__DUPLICATE_METHOD_MATCH = YES;
				COPY_PHASE_STRIP = NO;
				DEBUG_INFORMATION_FORMAT = dwarf;
				ENABLE_STRICT_OBJC_MSGSEND = YES;
				ENABLE_TESTABILITY = YES;
				GCC_C_LANGUAGE_STANDARD = gnu11;
				GCC_DYNAMIC_NO_PIC = NO;
				GCC_NO_COMMON_BLOCKS = YES;
				GCC_OPTIMIZATION_LEVEL = 0;
				GCC_PREPROCESSOR_DEFINITIONS = (
					"POD_CONFIGURATION_DEBUG=1",
					"DEBUG=1",
					"$(inherited)",
				);
				GCC_WARN_64_TO_32_BIT_CONVERSION = YES;
				GCC_WARN_ABOUT_RETURN_TYPE = YES_ERROR;
				GCC_WARN_UNDECLARED_SELECTOR = YES;
				GCC_WARN_UNINITIALIZED_AUTOS = YES_AGGRESSIVE;
				GCC_WARN_UNUSED_FUNCTION = YES;
				GCC_WARN_UNUSED_VARIABLE = YES;
				IPHONEOS_DEPLOYMENT_TARGET = 11.0;
				MTL_ENABLE_DEBUG_INFO = INCLUDE_SOURCE;
				MTL_FAST_MATH = YES;
				ONLY_ACTIVE_ARCH = YES;
				PRODUCT_NAME = "$(TARGET_NAME)";
				STRIP_INSTALLED_PRODUCT = NO;
				SWIFT_ACTIVE_COMPILATION_CONDITIONS = DEBUG;
				SWIFT_OPTIMIZATION_LEVEL = "-Onone";
				SWIFT_VERSION = 5.0;
				SYMROOT = "${SRCROOT}/../build";
			};
			name = Debug;
		};
/* End XCBuildConfiguration section */

/* Begin XCConfigurationList section */
		0A145061235145C800AB2E76 /* Build configuration list for PBXNativeTarget "sdk-xyo-swift" */ = {
			isa = XCConfigurationList;
			buildConfigurations = (
				0A145062235145C800AB2E76 /* Debug */,
				0A145063235145C800AB2E76 /* Release */,
			);
			defaultConfigurationIsVisible = 0;
			defaultConfigurationName = Release;
		};
		4821239608C13582E20E6DA73FD5F1F9 /* Build configuration list for PBXProject "sdk-xyo-swift" */ = {
			isa = XCConfigurationList;
			buildConfigurations = (
				B8BCBD0110C2658BB5DAADB9B7D97B92 /* Debug */,
				B0087CB4594321EF41619F3181FE120E /* Release */,
			);
			defaultConfigurationIsVisible = 0;
			defaultConfigurationName = Release;
		};
/* End XCConfigurationList section */
	};
	rootObject = BFDFE7DC352907FC980B868725387E98 /* Project object */;
}
